
Microsoft Visual Studio Solution File, Format Version 12.00
# Visual Studio Version 17
VisualStudioVersion = 17.4.33403.182
MinimumVisualStudioVersion = 10.0.40219.1
Project("{FAE04EC0-301F-11D3-BF4B-00C04F79EFBC}") = "Practica4.LINQ.UI", "Practica3.EF.UI\Practica4.LINQ.UI.csproj", "{38E35186-7A73-49AD-AA25-56040BBC5615}"
EndProject
Project("{FAE04EC0-301F-11D3-BF4B-00C04F79EFBC}") = "Practica4.LINQ.Data", "Practica3.EF.Data\Practica4.LINQ.Data.csproj", "{D83EB858-8E58-494F-BD0B-F055D1E3C95A}"
EndProject
Project("{FAE04EC0-301F-11D3-BF4B-00C04F79EFBC}") = "Practica4.LINQ.Logic", "Practica3.EF.Logic\Practica4.LINQ.Logic.csproj", "{C2A0FCED-5190-49A7-8AA8-FD090F239F2C}"
EndProject
Project("{FAE04EC0-301F-11D3-BF4B-00C04F79EFBC}") = "Practica4.LINQ.Entities", "Practica3.EF.Entities\Practica4.LINQ.Entities.csproj", "{ED8058FB-1349-40A7-8D0E-637511174E1A}"
EndProject
Global
	GlobalSection(SolutionConfigurationPlatforms) = preSolution
		Debug|Any CPU = Debug|Any CPU
		Release|Any CPU = Release|Any CPU
	EndGlobalSection
	GlobalSection(ProjectConfigurationPlatforms) = postSolution
		{38E35186-7A73-49AD-AA25-56040BBC5615}.Debug|Any CPU.ActiveCfg = Debug|Any CPU
		{38E35186-7A73-49AD-AA25-56040BBC5615}.Debug|Any CPU.Build.0 = Debug|Any CPU
		{38E35186-7A73-49AD-AA25-56040BBC5615}.Release|Any CPU.ActiveCfg = Release|Any CPU
		{38E35186-7A73-49AD-AA25-56040BBC5615}.Release|Any CPU.Build.0 = Release|Any CPU
		{D83EB858-8E58-494F-BD0B-F055D1E3C95A}.Debug|Any CPU.ActiveCfg = Debug|Any CPU
		{D83EB858-8E58-494F-BD0B-F055D1E3C95A}.Debug|Any CPU.Build.0 = Debug|Any CPU
		{D83EB858-8E58-494F-BD0B-F055D1E3C95A}.Release|Any CPU.ActiveCfg = Release|Any CPU
		{D83EB858-8E58-494F-BD0B-F055D1E3C95A}.Release|Any CPU.Build.0 = Release|Any CPU
		{C2A0FCED-5190-49A7-8AA8-FD090F239F2C}.Debug|Any CPU.ActiveCfg = Debug|Any CPU
		{C2A0FCED-5190-49A7-8AA8-FD090F239F2C}.Debug|Any CPU.Build.0 = Debug|Any CPU
		{C2A0FCED-5190-49A7-8AA8-FD090F239F2C}.Release|Any CPU.ActiveCfg = Release|Any CPU
		{C2A0FCED-5190-49A7-8AA8-FD090F239F2C}.Release|Any CPU.Build.0 = Release|Any CPU
		{ED8058FB-1349-40A7-8D0E-637511174E1A}.Debug|Any CPU.ActiveCfg = Debug|Any CPU
		{ED8058FB-1349-40A7-8D0E-637511174E1A}.Debug|Any CPU.Build.0 = Debug|Any CPU
		{ED8058FB-1349-40A7-8D0E-637511174E1A}.Release|Any CPU.ActiveCfg = Release|Any CPU
		{ED8058FB-1349-40A7-8D0E-637511174E1A}.Release|Any CPU.Build.0 = Release|Any CPU
	EndGlobalSection
	GlobalSection(SolutionProperties) = preSolution
		HideSolutionNode = FALSE
	EndGlobalSection
	GlobalSection(ExtensibilityGlobals) = postSolution
		SolutionGuid = {A83D085E-A276-4566-9A3F-E4DA26A18EBA}
	EndGlobalSection
EndGlobal
