
Microsoft Visual Studio Solution File, Format Version 12.00
# Visual Studio Version 17
VisualStudioVersion = 17.4.33403.182
MinimumVisualStudioVersion = 10.0.40219.1
Project("{FAE04EC0-301F-11D3-BF4B-00C04F79EFBC}") = "Practica2", "Practica2.csproj", "{7D23879E-7A66-469E-8532-C4D3AF0B1FD2}"
EndProject
Project("{FAE04EC0-301F-11D3-BF4B-00C04F79EFBC}") = "Practica2Tests", "..\Practica2Tests\Practica2Tests.csproj", "{0ECF4B6C-A696-411E-9481-7D976BD71735}"
EndProject
Global
	GlobalSection(SolutionConfigurationPlatforms) = preSolution
		Debug|Any CPU = Debug|Any CPU
		Release|Any CPU = Release|Any CPU
	EndGlobalSection
	GlobalSection(ProjectConfigurationPlatforms) = postSolution
		{7D23879E-7A66-469E-8532-C4D3AF0B1FD2}.Debug|Any CPU.ActiveCfg = Debug|Any CPU
		{7D23879E-7A66-469E-8532-C4D3AF0B1FD2}.Debug|Any CPU.Build.0 = Debug|Any CPU
		{7D23879E-7A66-469E-8532-C4D3AF0B1FD2}.Release|Any CPU.ActiveCfg = Release|Any CPU
		{7D23879E-7A66-469E-8532-C4D3AF0B1FD2}.Release|Any CPU.Build.0 = Release|Any CPU
		{0ECF4B6C-A696-411E-9481-7D976BD71735}.Debug|Any CPU.ActiveCfg = Debug|Any CPU
		{0ECF4B6C-A696-411E-9481-7D976BD71735}.Debug|Any CPU.Build.0 = Debug|Any CPU
		{0ECF4B6C-A696-411E-9481-7D976BD71735}.Release|Any CPU.ActiveCfg = Release|Any CPU
		{0ECF4B6C-A696-411E-9481-7D976BD71735}.Release|Any CPU.Build.0 = Release|Any CPU
	EndGlobalSection
	GlobalSection(SolutionProperties) = preSolution
		HideSolutionNode = FALSE
	EndGlobalSection
	GlobalSection(ExtensibilityGlobals) = postSolution
		SolutionGuid = {6AFE6413-B211-485E-B146-128087137F46}
	EndGlobalSection
EndGlobal
